
Microsoft Visual Studio Solution File, Format Version 12.00
# Visual Studio Version 17
VisualStudioVersion = 17.10.35004.147
MinimumVisualStudioVersion = 10.0.40219.1
Project("{FAE04EC0-301F-11D3-BF4B-00C04F79EFBC}") = "ICY ICY WATER", "ICY ICY WATER\ICY ICY WATER.csproj", "{7A022227-FB9D-4FF2-AED8-B305F9BAD6BF}"
EndProject
Global
	GlobalSection(SolutionConfigurationPlatforms) = preSolution
		Debug|Any CPU = Debug|Any CPU
		Release|Any CPU = Release|Any CPU
	EndGlobalSection
	GlobalSection(ProjectConfigurationPlatforms) = postSolution
		{7A022227-FB9D-4FF2-AED8-B305F9BAD6BF}.Debug|Any CPU.ActiveCfg = Debug|Any CPU
		{7A022227-FB9D-4FF2-AED8-B305F9BAD6BF}.Debug|Any CPU.Build.0 = Debug|Any CPU
		{7A022227-FB9D-4FF2-AED8-B305F9BAD6BF}.Release|Any CPU.ActiveCfg = Release|Any CPU
		{7A022227-FB9D-4FF2-AED8-B305F9BAD6BF}.Release|Any CPU.Build.0 = Release|Any CPU
	EndGlobalSection
	GlobalSection(SolutionProperties) = preSolution
		HideSolutionNode = FALSE
	EndGlobalSection
	GlobalSection(ExtensibilityGlobals) = postSolution
		SolutionGuid = {5C558A2C-DFAD-484B-9622-7E13BDF440EC}
	EndGlobalSection
EndGlobal
